
Microsoft Visual Studio Solution File, Format Version 12.00
# Visual Studio Version 16
VisualStudioVersion = 16.0.32126.315
MinimumVisualStudioVersion = 10.0.40219.1
Project("{FAE04EC0-301F-11D3-BF4B-00C04F79EFBC}") = "3LAB3", "3LAB3\3LAB3.csproj", "{CE186E81-7D9D-46F9-ACC9-47C534535515}"
EndProject
Global
	GlobalSection(SolutionConfigurationPlatforms) = preSolution
		Debug|Any CPU = Debug|Any CPU
		Release|Any CPU = Release|Any CPU
	EndGlobalSection
	GlobalSection(ProjectConfigurationPlatforms) = postSolution
		{CE186E81-7D9D-46F9-ACC9-47C534535515}.Debug|Any CPU.ActiveCfg = Debug|Any CPU
		{CE186E81-7D9D-46F9-ACC9-47C534535515}.Debug|Any CPU.Build.0 = Debug|Any CPU
		{CE186E81-7D9D-46F9-ACC9-47C534535515}.Release|Any CPU.ActiveCfg = Release|Any CPU
		{CE186E81-7D9D-46F9-ACC9-47C534535515}.Release|Any CPU.Build.0 = Release|Any CPU
	EndGlobalSection
	GlobalSection(SolutionProperties) = preSolution
		HideSolutionNode = FALSE
	EndGlobalSection
	GlobalSection(ExtensibilityGlobals) = postSolution
		SolutionGuid = {17276F56-26FE-41C8-B660-D44669C43A76}
	EndGlobalSection
EndGlobal
